<Solution>
  <Folder Name="/src/">
    <Project Path="src/HttpHybridCacheHandler/HttpHybridCacheHandler.csproj" Id="3c4df512-777c-4392-b148-6d5257f4443f" />
    <Project Path="src/FileDistributedCache/FileDistributedCache.csproj" />
  </Folder>
  <Folder Name="/test/">
    <Project Path="test/HttpHybridCacheHandler.Tests/HttpHybridCacheHandler.Tests.csproj" Id="cb30d6ad-7d55-43ff-af2e-b7e23884dfc5" />
    <Project Path="test/FileDistributedCache.Tests/FileDistributedCache.Tests.csproj" />
  </Folder>
  <Folder Name="/benchmarks/">
    <Project Path="benchmarks/Benchmarks.csproj" />
  </Folder>
  <Folder Name="/samples/">
    <Project Path="samples/HttpClientFactorySample/HttpClientFactorySample.csproj" />
    <Project Path="samples/FusionCacheSample/FusionCacheSample.csproj" />
    <Project Path="samples/YarpCachingProxySample/YarpCachingProxySample.csproj" />
    <Project Path="samples/FileDistributedCacheSample/FileDistributedCacheSample.csproj" />
  </Folder>
</Solution>
